SITE
  remote: http://community.opscode.com/api/v1
  specs:
    apt (1.4.2)
    aws (0.99.1)
    build-essential (1.0.0)
    database (1.2.0)
      aws (>= 0.0.0)
      mysql (>= 1.2.0)
      postgresql (>= 0.0.0)
      xfs (>= 0.0.0)
    git (0.10.0)
      runit (>= 0.0.0)
      yum (>= 0.0.0)
    mongodb (0.11.0)
      apt (>= 0.0.0)
    mysql (1.2.4)
      openssl (>= 0.0.0)
    openssl (1.0.0)
    postgresql (0.99.4)
      openssl (>= 0.0.0)
    runit (0.15.0)
    xfs (1.0.0)
    yum (0.5.2)

GIT
  remote: https://github.com/fnichol/chef-rbenv
  ref: v0.6.8
  sha: b283a008d148ffa56605c278be466da710054730
  specs:
    rbenv (0.6.8)

GIT
  remote: https://github.com/fnichol/chef-ruby_build.git
  ref: v0.6.2
  sha: 2e45dc11b4f98175cc1f70ad254e22aab213cfb4
  specs:
    ruby_build (0.6.2)

GIT
  remote: https://github.com/rchampourlier/chef_ruby_stack
  ref: master
  sha: 8fef5639d3040f4b608a0386d603fbdade8bc27a
  specs:
    ruby_stack (0.0.1)

DEPENDENCIES
  apt (>= 0)
  build-essential (>= 0)
  database (>= 0)
  git (>= 0)
  mongodb (>= 0)
  openssl (>= 0)
  postgresql (>= 0)
  rbenv (>= 0)
  ruby_build (>= 0)
  ruby_stack (>= 0)

